
Microsoft Visual Studio Solution File, Format Version 12.00
# Visual Studio Version 17
VisualStudioVersion = 17.14.36811.4 d17.14
MinimumVisualStudioVersion = 10.0.40219.1
Project("{FAE04EC0-301F-11D3-BF4B-00C04F79EFBC}") = "FinanceFlow.API", "FinanceFlow.API\FinanceFlow.API.csproj", "{42D5A7AC-6036-41BE-AF5F-245B62B2A3C6}"
EndProject
Project("{FAE04EC0-301F-11D3-BF4B-00C04F79EFBC}") = "FinanceFlow.Domain", "FinanceFlow.Domain\FinanceFlow.Domain.csproj", "{9117730F-5DBC-42DF-B9B1-0692FE843AC6}"
EndProject
Project("{FAE04EC0-301F-11D3-BF4B-00C04F79EFBC}") = "FinanceFlow.Application", "FinanceFlow.Application\FinanceFlow.Application.csproj", "{F32B6053-BA4C-4451-8DD9-8062DD10D3C2}"
EndProject
Project("{FAE04EC0-301F-11D3-BF4B-00C04F79EFBC}") = "FinanceFlow.Infrastructure", "FinanceFlow.Infrastructure\FinanceFlow.Infrastructure.csproj", "{8355231B-D609-4095-AECA-3591E0A0CB11}"
EndProject
Global
	GlobalSection(SolutionConfigurationPlatforms) = preSolution
		Debug|Any CPU = Debug|Any CPU
		Release|Any CPU = Release|Any CPU
	EndGlobalSection
	GlobalSection(ProjectConfigurationPlatforms) = postSolution
		{42D5A7AC-6036-41BE-AF5F-245B62B2A3C6}.Debug|Any CPU.ActiveCfg = Debug|Any CPU
		{42D5A7AC-6036-41BE-AF5F-245B62B2A3C6}.Debug|Any CPU.Build.0 = Debug|Any CPU
		{42D5A7AC-6036-41BE-AF5F-245B62B2A3C6}.Release|Any CPU.ActiveCfg = Release|Any CPU
		{42D5A7AC-6036-41BE-AF5F-245B62B2A3C6}.Release|Any CPU.Build.0 = Release|Any CPU
		{9117730F-5DBC-42DF-B9B1-0692FE843AC6}.Debug|Any CPU.ActiveCfg = Debug|Any CPU
		{9117730F-5DBC-42DF-B9B1-0692FE843AC6}.Debug|Any CPU.Build.0 = Debug|Any CPU
		{9117730F-5DBC-42DF-B9B1-0692FE843AC6}.Release|Any CPU.ActiveCfg = Release|Any CPU
		{9117730F-5DBC-42DF-B9B1-0692FE843AC6}.Release|Any CPU.Build.0 = Release|Any CPU
		{F32B6053-BA4C-4451-8DD9-8062DD10D3C2}.Debug|Any CPU.ActiveCfg = Debug|Any CPU
		{F32B6053-BA4C-4451-8DD9-8062DD10D3C2}.Debug|Any CPU.Build.0 = Debug|Any CPU
		{F32B6053-BA4C-4451-8DD9-8062DD10D3C2}.Release|Any CPU.ActiveCfg = Release|Any CPU
		{F32B6053-BA4C-4451-8DD9-8062DD10D3C2}.Release|Any CPU.Build.0 = Release|Any CPU
		{8355231B-D609-4095-AECA-3591E0A0CB11}.Debug|Any CPU.ActiveCfg = Debug|Any CPU
		{8355231B-D609-4095-AECA-3591E0A0CB11}.Debug|Any CPU.Build.0 = Debug|Any CPU
		{8355231B-D609-4095-AECA-3591E0A0CB11}.Release|Any CPU.ActiveCfg = Release|Any CPU
		{8355231B-D609-4095-AECA-3591E0A0CB11}.Release|Any CPU.Build.0 = Release|Any CPU
	EndGlobalSection
	GlobalSection(SolutionProperties) = preSolution
		HideSolutionNode = FALSE
	EndGlobalSection
	GlobalSection(ExtensibilityGlobals) = postSolution
		SolutionGuid = {70B1B288-7690-4FAB-A319-4E81D0EDA126}
	EndGlobalSection
EndGlobal
